
Microsoft Visual Studio Solution File, Format Version 12.00
# Visual Studio Version 16
VisualStudioVersion = 16.0.31313.79
MinimumVisualStudioVersion = 10.0.40219.1
Project("{FAE04EC0-301F-11D3-BF4B-00C04F79EFBC}") = "Hiren_Patel_lab2", "Hiren_Patel_lab2\Hiren_Patel_lab2.csproj", "{E1709F0D-7F5D-4193-A20C-FF6527DBB4DD}"
EndProject
Global
	GlobalSection(SolutionConfigurationPlatforms) = preSolution
		Debug|Any CPU = Debug|Any CPU
		Release|Any CPU = Release|Any CPU
	EndGlobalSection
	GlobalSection(ProjectConfigurationPlatforms) = postSolution
		{E1709F0D-7F5D-4193-A20C-FF6527DBB4DD}.Debug|Any CPU.ActiveCfg = Debug|Any CPU
		{E1709F0D-7F5D-4193-A20C-FF6527DBB4DD}.Debug|Any CPU.Build.0 = Debug|Any CPU
		{E1709F0D-7F5D-4193-A20C-FF6527DBB4DD}.Release|Any CPU.ActiveCfg = Release|Any CPU
		{E1709F0D-7F5D-4193-A20C-FF6527DBB4DD}.Release|Any CPU.Build.0 = Release|Any CPU
	EndGlobalSection
	GlobalSection(SolutionProperties) = preSolution
		HideSolutionNode = FALSE
	EndGlobalSection
	GlobalSection(ExtensibilityGlobals) = postSolution
		SolutionGuid = {DB7BE261-EDAD-46DC-ABE8-F9AEB9E7435C}
	EndGlobalSection
EndGlobal
