
Microsoft Visual Studio Solution File, Format Version 12.00
# Visual Studio Version 16
VisualStudioVersion = 16.0.31402.337
MinimumVisualStudioVersion = 10.0.40219.1
Project("{FAE04EC0-301F-11D3-BF4B-00C04F79EFBC}") = "Hiren_Patel_lab7", "Hiren_Patel_lab7\Hiren_Patel_lab7.csproj", "{2B275087-C00A-4293-A4E8-A03CA8C1283E}"
EndProject
Global
	GlobalSection(SolutionConfigurationPlatforms) = preSolution
		Debug|Any CPU = Debug|Any CPU
		Release|Any CPU = Release|Any CPU
	EndGlobalSection
	GlobalSection(ProjectConfigurationPlatforms) = postSolution
		{2B275087-C00A-4293-A4E8-A03CA8C1283E}.Debug|Any CPU.ActiveCfg = Debug|Any CPU
		{2B275087-C00A-4293-A4E8-A03CA8C1283E}.Debug|Any CPU.Build.0 = Debug|Any CPU
		{2B275087-C00A-4293-A4E8-A03CA8C1283E}.Release|Any CPU.ActiveCfg = Release|Any CPU
		{2B275087-C00A-4293-A4E8-A03CA8C1283E}.Release|Any CPU.Build.0 = Release|Any CPU
	EndGlobalSection
	GlobalSection(SolutionProperties) = preSolution
		HideSolutionNode = FALSE
	EndGlobalSection
	GlobalSection(ExtensibilityGlobals) = postSolution
		SolutionGuid = {A4C18322-C0C3-41D6-BC51-617867AE46C8}
	EndGlobalSection
EndGlobal
